// !$*UTF8*$!
{
	archiveVersion = 1;
	classes = {
	};
	objectVersion = 46;
	objects = {

/* Begin PBXBuildFile section */
		AAD3A9A01C00A87C00DEE2B8 /* main.m in Sources */ = {isa = PBXBuildFile; fileRef = AAD3A99F1C00A87C00DEE2B8 /* main.m */; };
		AAD3A9A31C00A87C00DEE2B8 /* AppDelegate.m in Sources */ = {isa = PBXBuildFile; fileRef = AAD3A9A21C00A87C00DEE2B8 /* AppDelegate.m */; };
		AAD3A9A61C00A87C00DEE2B8 /* ViewController.m in Sources */ = {isa = PBXBuildFile; fileRef = AAD3A9A51C00A87C00DEE2B8 /* ViewController.m */; };
		AAD3A9A91C00A87C00DEE2B8 /* Main.storyboard in Resources */ = {isa = PBXBuildFile; fileRef = AAD3A9A71C00A87C00DEE2B8 /* Main.storyboard */; };
		AAD3A9AB1C00A87C00DEE2B8 /* Assets.xcassets in Resources */ = {isa = PBXBuildFile; fileRef = AAD3A9AA1C00A87C00DEE2B8 /* Assets.xcassets */; };
		AAD3A9AE1C00A87C00DEE2B8 /* LaunchScreen.storyboard in Resources */ = {isa = PBXBuildFile; fileRef = AAD3A9AC1C00A87C00DEE2B8 /* LaunchScreen.storyboard */; };
		AAD3A9B81C00A8F800DEE2B8 /* WBKeyChain.m in Sources */ = {isa = PBXBuildFile; fileRef = AAD3A9B71C00A8F800DEE2B8 /* WBKeyChain.m */; };
		AAD3A9BB1C00A96A00DEE2B8 /* WBUserDataManager.m in Sources */ = {isa = PBXBuildFile; fileRef = AAD3A9BA1C00A96A00DEE2B8 /* WBUserDataManager.m */; };
/* End PBXBuildFile section */

/* Begin PBXFileReference section */
		AAD3A99B1C00A87C00DEE2B8 /* WBKeyChain.app */ = {isa = PBXFileReference; explicitFileType = wrapper.application; includeInIndex = 0; path = WBKeyChain.app; sourceTree = BUILT_PRODUCTS_DIR; };
		AAD3A99F1C00A87C00DEE2B8 /* main.m */ = {isa = PBXFileReference; lastKnownFileType = sourcecode.c.objc; path = main.m; sourceTree = "<group>"; };
		AAD3A9A11C00A87C00DEE2B8 /* AppDelegate.h */ = {isa = PBXFileReference; lastKnownFileType = sourcecode.c.h; path = AppDelegate.h; sourceTree = "<group>"; };
		AAD3A9A21C00A87C00DEE2B8 /* AppDelegate.m */ = {isa = PBXFileReference; lastKnownFileType = sourcecode.c.objc; path = AppDelegate.m; sourceTree = "<group>"; };
		AAD3A9A41C00A87C00DEE2B8 /* ViewController.h */ = {isa = PBXFileReference; lastKnownFileType = sourcecode.c.h; path = ViewController.h; sourceTree = "<group>"; };
		AAD3A9A51C00A87C00DEE2B8 /* ViewController.m */ = {isa = PBXFileReference; lastKnownFileType = sourcecode.c.objc; path = ViewController.m; sourceTree = "<group>"; };
		AAD3A9A81C00A87C00DEE2B8 /* Base */ = {isa = PBXFileReference; lastKnownFileType = file.storyboard; name = Base; path = Base.lproj/Main.storyboard; sourceTree = "<group>"; };
		AAD3A9AA1C00A87C00DEE2B8 /* Assets.xcassets */ = {isa = PBXFileReference; lastKnownFileType = folder.assetcatalog; path = Assets.xcassets; sourceTree = "<group>"; };
		AAD3A9AD1C00A87C00DEE2B8 /* Base */ = {isa = PBXFileReference; lastKnownFileType = file.storyboard; name = Base; path = Base.lproj/LaunchScreen.storyboard; sourceTree = "<group>"; };
		AAD3A9AF1C00A87C00DEE2B8 /* Info.plist */ = {isa = PBXFileReference; lastKnownFileType = text.plist.xml; path = Info.plist; sourceTree = "<group>"; };
		AAD3A9B61C00A8F800DEE2B8 /* WBKeyChain.h */ = {isa = PBXFileReference; fileEncoding = 4; lastKnownFileType = sourcecode.c.h; path = WBKeyChain.h; sourceTree = "<group>"; };
		AAD3A9B71C00A8F800DEE2B8 /* WBKeyChain.m */ = {isa = PBXFileReference; fileEncoding = 4; lastKnownFileType = sourcecode.c.objc; path = WBKeyChain.m; sourceTree = "<group>"; };
		AAD3A9B91C00A96A00DEE2B8 /* WBUserDataManager.h */ = {isa = PBXFileReference; fileEncoding = 4; lastKnownFileType = sourcecode.c.h; path = WBUserDataManager.h; sourceTree = "<group>"; };
		AAD3A9BA1C00A96A00DEE2B8 /* WBUserDataManager.m */ = {isa = PBXFileReference; fileEncoding = 4; lastKnownFileType = sourcecode.c.objc; path = WBUserDataManager.m; sourceTree = "<group>"; };
/* End PBXFileReference section */

/* Begin PBXFrameworksBuildPhase section */
		AAD3A9981C00A87C00DEE2B8 /* Frameworks */ = {
			isa = PBXFrameworksBuildPhase;
			buildActionMask = 2147483647;
			files = (
			);
			runOnlyForDeploymentPostprocessing = 0;
		};
/* End PBXFrameworksBuildPhase section */

/* Begin PBXGroup section */
		AAD3A9921C00A87C00DEE2B8 = {
			isa = PBXGroup;
			children = (
				AAD3A99D1C00A87C00DEE2B8 /* WBKeyChain */,
				AAD3A99C1C00A87C00DEE2B8 /* Products */,
			);
			sourceTree = "<group>";
		};
		AAD3A99C1C00A87C00DEE2B8 /* Products */ = {
			isa = PBXGroup;
			children = (
				AAD3A99B1C00A87C00DEE2B8 /* WBKeyChain.app */,
			);
			name = Products;
			sourceTree = "<group>";
		};
		AAD3A99D1C00A87C00DEE2B8 /* WBKeyChain */ = {
			isa = PBXGroup;
			children = (
				AAD3A9B51C00A89C00DEE2B8 /* WBKeyChain */,
				AAD3A9A11C00A87C00DEE2B8 /* AppDelegate.h */,
				AAD3A9A21C00A87C00DEE2B8 /* AppDelegate.m */,
				AAD3A9A41C00A87C00DEE2B8 /* ViewController.h */,
				AAD3A9A51C00A87C00DEE2B8 /* ViewController.m */,
				AAD3A9A71C00A87C00DEE2B8 /* Main.storyboard */,
				AAD3A9AA1C00A87C00DEE2B8 /* Assets.xcassets */,
				AAD3A9AC1C00A87C00DEE2B8 /* LaunchScreen.storyboard */,
				AAD3A9AF1C00A87C00DEE2B8 /* Info.plist */,
				AAD3A99E1C00A87C00DEE2B8 /* Supporting Files */,
			);
			path = WBKeyChain;
			sourceTree = "<group>";
		};
		AAD3A99E1C00A87C00DEE2B8 /* Supporting Files */ = {
			isa = PBXGroup;
			children = (
				AAD3A99F1C00A87C00DEE2B8 /* main.m */,
			);
			name = "Supporting Files";
			sourceTree = "<group>";
		};
		AAD3A9B51C00A89C00DEE2B8 /* WBKeyChain */ = {
			isa = PBXGroup;
			children = (
				AAD3A9B61C00A8F800DEE2B8 /* WBKeyChain.h */,
				AAD3A9B71C00A8F800DEE2B8 /* WBKeyChain.m */,
				AAD3A9B91C00A96A00DEE2B8 /* WBUserDataManager.h */,
				AAD3A9BA1C00A96A00DEE2B8 /* WBUserDataManager.m */,
			);
			path = WBKeyChain;
			sourceTree = "<group>";
		};
/* End PBXGroup section */

/* Begin PBXNativeTarget section */
		AAD3A99A1C00A87C00DEE2B8 /* WBKeyChain */ = {
			isa = PBXNativeTarget;
			buildConfigurationList = AAD3A9B21C00A87C00DEE2B8 /* Build configuration list for PBXNativeTarget "WBKeyChain" */;
			buildPhases = (
				AAD3A9971C00A87C00DEE2B8 /* Sources */,
				AAD3A9981C00A87C00DEE2B8 /* Frameworks */,
				AAD3A9991C00A87C00DEE2B8 /* Resources */,
			);
			buildRules = (
			);
			dependencies = (
			);
			name = WBKeyChain;
			productName = WBKeyChain;
			productReference = AAD3A99B1C00A87C00DEE2B8 /* WBKeyChain.app */;
			productType = "com.apple.product-type.application";
		};
/* End PBXNativeTarget section */

/* Begin PBXProject section */
		AAD3A9931C00A87C00DEE2B8 /* Project object */ = {
			isa = PBXProject;
			attributes = {
				LastUpgradeCheck = 0710;
				ORGANIZATIONNAME = "王文博";
				TargetAttributes = {
					AAD3A99A1C00A87C00DEE2B8 = {
						CreatedOnToolsVersion = 7.1;
					};
				};
			};
			buildConfigurationList = AAD3A9961C00A87C00DEE2B8 /* Build configuration list for PBXProject "WBKeyChain" */;
			compatibilityVersion = "Xcode 3.2";
			developmentRegion = English;
			hasScannedForEncodings = 0;
			knownRegions = (
				en,
				Base,
			);
			mainGroup = AAD3A9921C00A87C00DEE2B8;
			productRefGroup = AAD3A99C1C00A87C00DEE2B8 /* Products */;
			projectDirPath = "";
			projectRoot = "";
			targets = (
				AAD3A99A1C00A87C00DEE2B8 /* WBKeyChain */,
			);
		};
/* End PBXProject section */

/* Begin PBXResourcesBuildPhase section */
		AAD3A9991C00A87C00DEE2B8 /* Resources */ = {
			isa = PBXResourcesBuildPhase;
			buildActionMask = 2147483647;
			files = (
				AAD3A9AE1C00A87C00DEE2B8 /* LaunchScreen.storyboard in Resources */,
				AAD3A9AB1C00A87C00DEE2B8 /* Assets.xcassets in Resources */,
				AAD3A9A91C00A87C00DEE2B8 /* Main.storyboard in Resources */,
			);
			runOnlyForDeploymentPostprocessing = 0;
		};
/* End PBXResourcesBuildPhase section */

/* Begin PBXSourcesBuildPhase section */
		AAD3A9971C00A87C00DEE2B8 /* Sources */ = {
			isa = PBXSourcesBuildPhase;
			buildActionMask = 2147483647;
			files = (
				AAD3A9B81C00A8F800DEE2B8 /* WBKeyChain.m in Sources */,
				AAD3A9BB1C00A96A00DEE2B8 /* WBUserDataManager.m in Sources */,
				AAD3A9A61C00A87C00DEE2B8 /* ViewController.m in Sources */,
				AAD3A9A31C00A87C00DEE2B8 /* AppDelegate.m in Sources */,
				AAD3A9A01C00A87C00DEE2B8 /* main.m in Sources */,
			);
			runOnlyForDeploymentPostprocessing = 0;
		};
/* End PBXSourcesBuildPhase section */

/* Begin PBXVariantGroup section */
		AAD3A9A71C00A87C00DEE2B8 /* Main.storyboard */ = {
			isa = PBXVariantGroup;
			children = (
				AAD3A9A81C00A87C00DEE2B8 /* Base */,
			);
			name = Main.storyboard;
			sourceTree = "<group>";
		};
		AAD3A9AC1C00A87C00DEE2B8 /* LaunchScreen.storyboard */ = {
			isa = PBXVariantGroup;
			children = (
				AAD3A9AD1C00A87C00DEE2B8 /* Base */,
			);
			name = LaunchScreen.storyboard;
			sourceTree = "<group>";
		};
/* End PBXVariantGroup section */

/* Begin XCBuildConfiguration section */
		AAD3A9B01C00A87C00DEE2B8 /* Debug */ = {
			isa = XCBuildConfiguration;
			buildSettings = {
				ALWAYS_SEARCH_USER_PATHS = NO;
				CLANG_CXX_LANGUAGE_STANDARD = "gnu++0x";
				CLANG_CXX_LIBRARY = "libc++";
				CLANG_ENABLE_MODULES = YES;
				CLANG_ENABLE_OBJC_ARC = YES;
				CLANG_WARN_BOOL_CONVERSION = YES;
				CLANG_WARN_CONSTANT_CONVERSION = YES;
				CLANG_WARN_DIRECT_OBJC_ISA_USAGE = YES_ERROR;
				CLANG_WARN_EMPTY_BODY = YES;
				CLANG_WARN_ENUM_CONVERSION = YES;
				CLANG_WARN_INT_CONVERSION = YES;
				CLANG_WARN_OBJC_ROOT_CLASS = YES_ERROR;
				CLANG_WARN_UNREACHABLE_CODE = YES;
				CLANG_WARN__DUPLICATE_METHOD_MATCH = YES;
				"CODE_SIGN_IDENTITY[sdk=iphoneos*]" = "iPhone Developer";
				COPY_PHASE_STRIP = NO;
				DEBUG_INFORMATION_FORMAT = dwarf;
				ENABLE_STRICT_OBJC_MSGSEND = YES;
				ENABLE_TESTABILITY = YES;
				GCC_C_LANGUAGE_STANDARD = gnu99;
				GCC_DYNAMIC_NO_PIC = NO;
				GCC_NO_COMMON_BLOCKS = YES;
				GCC_OPTIMIZATION_LEVEL = 0;
				GCC_PREPROCESSOR_DEFINITIONS = (
					"DEBUG=1",
					"$(inherited)",
				);
				GCC_WARN_64_TO_32_BIT_CONVERSION = YES;
				GCC_WARN_ABOUT_RETURN_TYPE = YES_ERROR;
				GCC_WARN_UNDECLARED_SELECTOR = YES;
				GCC_WARN_UNINITIALIZED_AUTOS = YES_AGGRESSIVE;
				GCC_WARN_UNUSED_FUNCTION = YES;
				GCC_WARN_UNUSED_VARIABLE = YES;
				IPHONEOS_DEPLOYMENT_TARGET = 9.1;
				MTL_ENABLE_DEBUG_INFO = YES;
				ONLY_ACTIVE_ARCH = YES;
				SDKROOT = iphoneos;
			};
			name = Debug;
		};
		AAD3A9B11C00A87C00DEE2B8 /* Release */ = {
			isa = XCBuildConfiguration;
			buildSettings = {
				ALWAYS_SEARCH_USER_PATHS = NO;
				CLANG_CXX_LANGUAGE_STANDARD = "gnu++0x";
				CLANG_CXX_LIBRARY = "libc++";
				CLANG_ENABLE_MODULES = YES;
				CLANG_ENABLE_OBJC_ARC = YES;
				CLANG_WARN_BOOL_CONVERSION = YES;
				CLANG_WARN_CONSTANT_CONVERSION = YES;
				CLANG_WARN_DIRECT_OBJC_ISA_USAGE = YES_ERROR;
				CLANG_WARN_EMPTY_BODY = YES;
				CLANG_WARN_ENUM_CONVERSION = YES;
				CLANG_WARN_INT_CONVERSION = YES;
				CLANG_WARN_OBJC_ROOT_CLASS = YES_ERROR;
				CLANG_WARN_UNREACHABLE_CODE = YES;
				CLANG_WARN__DUPLICATE_METHOD_MATCH = YES;
				"CODE_SIGN_IDENTITY[sdk=iphoneos*]" = "iPhone Developer";
				COPY_PHASE_STRIP = NO;
				DEBUG_INFORMATION_FORMAT = "dwarf-with-dsym";
				ENABLE_NS_ASSERTIONS = NO;
				ENABLE_STRICT_OBJC_MSGSEND = YES;
				GCC_C_LANGUAGE_STANDARD = gnu99;
				GCC_NO_COMMON_BLOCKS = YES;
				GCC_WARN_64_TO_32_BIT_CONVERSION = YES;
				GCC_WARN_ABOUT_RETURN_TYPE = YES_ERROR;
				GCC_WARN_UNDECLARED_SELECTOR = YES;
				GCC_WARN_UNINITIALIZED_AUTOS = YES_AGGRESSIVE;
				GCC_WARN_UNUSED_FUNCTION = YES;
				GCC_WARN_UNUSED_VARIABLE = YES;
				IPHONEOS_DEPLOYMENT_TARGET = 9.1;
				MTL_ENABLE_DEBUG_INFO = NO;
				SDKROOT = iphoneos;
				VALIDATE_PRODUCT = YES;
			};
			name = Release;
		};
		AAD3A9B31C00A87C00DEE2B8 /* Debug */ = {
			isa = XCBuildConfiguration;
			buildSettings = {
				ASSETCATALOG_COMPILER_APPICON_NAME = AppIcon;
				CODE_SIGN_IDENTITY = "iPhone Developer";
				INFOPLIST_FILE = WBKeyChain/Info.plist;
				IPHONEOS_DEPLOYMENT_TARGET = 8.0;
				LD_RUNPATH_SEARCH_PATHS = "$(inherited) @executable_path/Frameworks";
				PRODUCT_BUNDLE_IDENTIFIER = com.wdabo.WBKeyChain;
				PRODUCT_NAME = "$(TARGET_NAME)";
			};
			name = Debug;
		};
		AAD3A9B41C00A87C00DEE2B8 /* Release */ = {
			isa = XCBuildConfiguration;
			buildSettings = {
				ASSETCATALOG_COMPILER_APPICON_NAME = AppIcon;
				CODE_SIGN_IDENTITY = "iPhone Developer";
				INFOPLIST_FILE = WBKeyChain/Info.plist;
				IPHONEOS_DEPLOYMENT_TARGET = 8.0;
				LD_RUNPATH_SEARCH_PATHS = "$(inherited) @executable_path/Frameworks";
				PRODUCT_BUNDLE_IDENTIFIER = com.wdabo.WBKeyChain;
				PRODUCT_NAME = "$(TARGET_NAME)";
			};
			name = Release;
		};
/* End XCBuildConfiguration section */

/* Begin XCConfigurationList section */
		AAD3A9961C00A87C00DEE2B8 /* Build configuration list for PBXProject "WBKeyChain" */ = {
			isa = XCConfigurationList;
			buildConfigurations = (
				AAD3A9B01C00A87C00DEE2B8 /* Debug */,
				AAD3A9B11C00A87C00DEE2B8 /* Release */,
			);
			defaultConfigurationIsVisible = 0;
			defaultConfigurationName = Release;
		};
		AAD3A9B21C00A87C00DEE2B8 /* Build configuration list for PBXNativeTarget "WBKeyChain" */ = {
			isa = XCConfigurationList;
			buildConfigurations = (
				AAD3A9B31C00A87C00DEE2B8 /* Debug */,
				AAD3A9B41C00A87C00DEE2B8 /* Release */,
			);
			defaultConfigurationIsVisible = 0;
		};
/* End XCConfigurationList section */
	};
	rootObject = AAD3A9931C00A87C00DEE2B8 /* Project object */;
}
